// !$*UTF8*$!
{
	archiveVersion = 1;
	classes = {
	};
	objectVersion = 51;
	objects = {

/* Begin PBXBuildFile section */
		6544075B23A4CB1300200DFC /* AppDelegate.swift in Sources */ = {isa = PBXBuildFile; fileRef = 6544075A23A4CB1300200DFC /* AppDelegate.swift */; };
		6544075D23A4CB1300200DFC /* SceneDelegate.swift in Sources */ = {isa = PBXBuildFile; fileRef = 6544075C23A4CB1300200DFC /* SceneDelegate.swift */; };
		6544075F23A4CB1300200DFC /* ViewController.swift in Sources */ = {isa = PBXBuildFile; fileRef = 6544075E23A4CB1300200DFC /* ViewController.swift */; };
		6544076223A4CB1300200DFC /* Main.storyboard in Resources */ = {isa = PBXBuildFile; fileRef = 6544076023A4CB1300200DFC /* Main.storyboard */; };
		6544076423A4CB1500200DFC /* Assets.xcassets in Resources */ = {isa = PBXBuildFile; fileRef = 6544076323A4CB1500200DFC /* Assets.xcassets */; };
		6544076723A4CB1500200DFC /* LaunchScreen.storyboard in Resources */ = {isa = PBXBuildFile; fileRef = 6544076523A4CB1500200DFC /* LaunchScreen.storyboard */; };
		B3C15881D0185D0D413F0245 /* Pods_helloFirebaseFB.framework in Frameworks */ = {isa = PBXBuildFile; fileRef = 9E0D99617631F2A17E1851E0 /* Pods_helloFirebaseFB.framework */; };
/* End PBXBuildFile section */

/* Begin PBXFileReference section */
		0A264AEA03F3FB43ADC63FFC /* Pods-helloFirebaseFB.release.xcconfig */ = {isa = PBXFileReference; includeInIndex = 1; lastKnownFileType = text.xcconfig; name = "Pods-helloFirebaseFB.release.xcconfig"; path = "Target Support Files/Pods-helloFirebaseFB/Pods-helloFirebaseFB.release.xcconfig"; sourceTree = "<group>"; };
		6544075723A4CB1300200DFC /* helloFirebaseFB.app */ = {isa = PBXFileReference; explicitFileType = wrapper.application; includeInIndex = 0; path = helloFirebaseFB.app; sourceTree = BUILT_PRODUCTS_DIR; };
		6544075A23A4CB1300200DFC /* AppDelegate.swift */ = {isa = PBXFileReference; lastKnownFileType = sourcecode.swift; path = AppDelegate.swift; sourceTree = "<group>"; };
		6544075C23A4CB1300200DFC /* SceneDelegate.swift */ = {isa = PBXFileReference; lastKnownFileType = sourcecode.swift; path = SceneDelegate.swift; sourceTree = "<group>"; };
		6544075E23A4CB1300200DFC /* ViewController.swift */ = {isa = PBXFileReference; lastKnownFileType = sourcecode.swift; path = ViewController.swift; sourceTree = "<group>"; };
		6544076123A4CB1300200DFC /* Base */ = {isa = PBXFileReference; lastKnownFileType = file.storyboard; name = Base; path = Base.lproj/Main.storyboard; sourceTree = "<group>"; };
		6544076323A4CB1500200DFC /* Assets.xcassets */ = {isa = PBXFileReference; lastKnownFileType = folder.assetcatalog; path = Assets.xcassets; sourceTree = "<group>"; };
		6544076623A4CB1500200DFC /* Base */ = {isa = PBXFileReference; lastKnownFileType = file.storyboard; name = Base; path = Base.lproj/LaunchScreen.storyboard; sourceTree = "<group>"; };
		6544076823A4CB1500200DFC /* Info.plist */ = {isa = PBXFileReference; lastKnownFileType = text.plist.xml; path = Info.plist; sourceTree = "<group>"; };
		9E0D99617631F2A17E1851E0 /* Pods_helloFirebaseFB.framework */ = {isa = PBXFileReference; explicitFileType = wrapper.framework; includeInIndex = 0; path = Pods_helloFirebaseFB.framework; sourceTree = BUILT_PRODUCTS_DIR; };
		B7CBFD3EB661EA4B15D65727 /* Pods-helloFirebaseFB.debug.xcconfig */ = {isa = PBXFileReference; includeInIndex = 1; lastKnownFileType = text.xcconfig; name = "Pods-helloFirebaseFB.debug.xcconfig"; path = "Target Support Files/Pods-helloFirebaseFB/Pods-helloFirebaseFB.debug.xcconfig"; sourceTree = "<group>"; };
/* End PBXFileReference section */

/* Begin PBXFrameworksBuildPhase section */
		6544075423A4CB1300200DFC /* Frameworks */ = {
			isa = PBXFrameworksBuildPhase;
			buildActionMask = 2147483647;
			files = (
				B3C15881D0185D0D413F0245 /* Pods_helloFirebaseFB.framework in Frameworks */,
			);
			runOnlyForDeploymentPostprocessing = 0;
		};
/* End PBXFrameworksBuildPhase section */

/* Begin PBXGroup section */
		3D719B82620E5645BA545176 /* Pods */ = {
			isa = PBXGroup;
			children = (
				B7CBFD3EB661EA4B15D65727 /* Pods-helloFirebaseFB.debug.xcconfig */,
				0A264AEA03F3FB43ADC63FFC /* Pods-helloFirebaseFB.release.xcconfig */,
			);
			path = Pods;
			sourceTree = "<group>";
		};
		41C535AF22572D03AD2C2BDB /* Frameworks */ = {
			isa = PBXGroup;
			children = (
				9E0D99617631F2A17E1851E0 /* Pods_helloFirebaseFB.framework */,
			);
			name = Frameworks;
			sourceTree = "<group>";
		};
		6544074E23A4CB1300200DFC = {
			isa = PBXGroup;
			children = (
				6544075923A4CB1300200DFC /* helloFirebaseFB */,
				6544075823A4CB1300200DFC /* Products */,
				3D719B82620E5645BA545176 /* Pods */,
				41C535AF22572D03AD2C2BDB /* Frameworks */,
			);
			sourceTree = "<group>";
		};
		6544075823A4CB1300200DFC /* Products */ = {
			isa = PBXGroup;
			children = (
				6544075723A4CB1300200DFC /* helloFirebaseFB.app */,
			);
			name = Products;
			sourceTree = "<group>";
		};
		6544075923A4CB1300200DFC /* helloFirebaseFB */ = {
			isa = PBXGroup;
			children = (
				6544075A23A4CB1300200DFC /* AppDelegate.swift */,
				6544075C23A4CB1300200DFC /* SceneDelegate.swift */,
				6544075E23A4CB1300200DFC /* ViewController.swift */,
				6544076023A4CB1300200DFC /* Main.storyboard */,
				6544076323A4CB1500200DFC /* Assets.xcassets */,
				6544076523A4CB1500200DFC /* LaunchScreen.storyboard */,
				6544076823A4CB1500200DFC /* Info.plist */,
			);
			path = helloFirebaseFB;
			sourceTree = "<group>";
		};
/* End PBXGroup section */

/* Begin PBXNativeTarget section */
		6544075623A4CB1300200DFC /* helloFirebaseFB */ = {
			isa = PBXNativeTarget;
			buildConfigurationList = 6544076B23A4CB1500200DFC /* Build configuration list for PBXNativeTarget "helloFirebaseFB" */;
			buildPhases = (
				C2852689D83A0596A0B3775B /* [CP] Check Pods Manifest.lock */,
				6544075323A4CB1300200DFC /* Sources */,
				6544075423A4CB1300200DFC /* Frameworks */,
				6544075523A4CB1300200DFC /* Resources */,
				1C4AFC3565E209DFEA028043 /* [CP] Embed Pods Frameworks */,
			);
			buildRules = (
			);
			dependencies = (
			);
			name = helloFirebaseFB;
			productName = helloFirebaseFB;
			productReference = 6544075723A4CB1300200DFC /* helloFirebaseFB.app */;
			productType = "com.apple.product-type.application";
		};
/* End PBXNativeTarget section */

/* Begin PBXProject section */
		6544074F23A4CB1300200DFC /* Project object */ = {
			isa = PBXProject;
			attributes = {
				LastSwiftUpdateCheck = 1110;
				LastUpgradeCheck = 1110;
				ORGANIZATIONNAME = grace;
				TargetAttributes = {
					6544075623A4CB1300200DFC = {
						CreatedOnToolsVersion = 11.1;
					};
				};
			};
			buildConfigurationList = 6544075223A4CB1300200DFC /* Build configuration list for PBXProject "helloFirebaseFB" */;
			compatibilityVersion = "Xcode 9.3";
			developmentRegion = en;
			hasScannedForEncodings = 0;
			knownRegions = (
				en,
				Base,
			);
			mainGroup = 6544074E23A4CB1300200DFC;
			productRefGroup = 6544075823A4CB1300200DFC /* Products */;
			projectDirPath = "";
			projectRoot = "";
			targets = (
				6544075623A4CB1300200DFC /* helloFirebaseFB */,
			);
		};
/* End PBXProject section */

/* Begin PBXResourcesBuildPhase section */
		6544075523A4CB1300200DFC /* Resources */ = {
			isa = PBXResourcesBuildPhase;
			buildActionMask = 2147483647;
			files = (
				6544076723A4CB1500200DFC /* LaunchScreen.storyboard in Resources */,
				6544076423A4CB1500200DFC /* Assets.xcassets in Resources */,
				6544076223A4CB1300200DFC /* Main.storyboard in Resources */,
			);
			runOnlyForDeploymentPostprocessing = 0;
		};
/* End PBXResourcesBuildPhase section */

/* Begin PBXShellScriptBuildPhase section */
		1C4AFC3565E209DFEA028043 /* [CP] Embed Pods Frameworks */ = {
			isa = PBXShellScriptBuildPhase;
			buildActionMask = 2147483647;
			files = (
			);
			inputFileListPaths = (
				"${PODS_ROOT}/Target Support Files/Pods-helloFirebaseFB/Pods-helloFirebaseFB-frameworks-${CONFIGURATION}-input-files.xcfilelist",
			);
			name = "[CP] Embed Pods Frameworks";
			outputFileListPaths = (
				"${PODS_ROOT}/Target Support Files/Pods-helloFirebaseFB/Pods-helloFirebaseFB-frameworks-${CONFIGURATION}-output-files.xcfilelist",
			);
			runOnlyForDeploymentPostprocessing = 0;
			shellPath = /bin/sh;
			shellScript = "\"${PODS_ROOT}/Target Support Files/Pods-helloFirebaseFB/Pods-helloFirebaseFB-frameworks.sh\"\n";
			showEnvVarsInLog = 0;
		};
		C2852689D83A0596A0B3775B /* [CP] Check Pods Manifest.lock */ = {
			isa = PBXShellScriptBuildPhase;
			buildActionMask = 2147483647;
			files = (
			);
			inputFileListPaths = (
			);
			inputPaths = (
				"${PODS_PODFILE_DIR_PATH}/Podfile.lock",
				"${PODS_ROOT}/Manifest.lock",
			);
			name = "[CP] Check Pods Manifest.lock";
			outputFileListPaths = (
			);
			outputPaths = (
				"$(DERIVED_FILE_DIR)/Pods-helloFirebaseFB-checkManifestLockResult.txt",
			);
			runOnlyForDeploymentPostprocessing = 0;
			shellPath = /bin/sh;
			shellScript = "diff \"${PODS_PODFILE_DIR_PATH}/Podfile.lock\" \"${PODS_ROOT}/Manifest.lock\" > /dev/null\nif [ $? != 0 ] ; then\n    # print error to STDERR\n    echo \"error: The sandbox is not in sync with the Podfile.lock. Run 'pod install' or update your CocoaPods installation.\" >&2\n    exit 1\nfi\n# This output is used by Xcode 'outputs' to avoid re-running this script phase.\necho \"SUCCESS\" > \"${SCRIPT_OUTPUT_FILE_0}\"\n";
			showEnvVarsInLog = 0;
		};
/* End PBXShellScriptBuildPhase section */

/* Begin PBXSourcesBuildPhase section */
		6544075323A4CB1300200DFC /* Sources */ = {
			isa = PBXSourcesBuildPhase;
			buildActionMask = 2147483647;
			files = (
				6544075F23A4CB1300200DFC /* ViewController.swift in Sources */,
				6544075B23A4CB1300200DFC /* AppDelegate.swift in Sources */,
				6544075D23A4CB1300200DFC /* SceneDelegate.swift in Sources */,
			);
			runOnlyForDeploymentPostprocessing = 0;
		};
/* End PBXSourcesBuildPhase section */

/* Begin PBXVariantGroup section */
		6544076023A4CB1300200DFC /* Main.storyboard */ = {
			isa = PBXVariantGroup;
			children = (
				6544076123A4CB1300200DFC /* Base */,
			);
			name = Main.storyboard;
			sourceTree = "<group>";
		};
		6544076523A4CB1500200DFC /* LaunchScreen.storyboard */ = {
			isa = PBXVariantGroup;
			children = (
				6544076623A4CB1500200DFC /* Base */,
			);
			name = LaunchScreen.storyboard;
			sourceTree = "<group>";
		};
/* End PBXVariantGroup section */

/* Begin XCBuildConfiguration section */
		6544076923A4CB1500200DFC /* Debug */ = {
			isa = XCBuildConfiguration;
			buildSettings = {
				ALWAYS_SEARCH_USER_PATHS = NO;
				CLANG_ANALYZER_NONNULL = YES;
				CLANG_ANALYZER_NUMBER_OBJECT_CONVERSION = YES_AGGRESSIVE;
				CLANG_CXX_LANGUAGE_STANDARD = "gnu++14";
				CLANG_CXX_LIBRARY = "libc++";
				CLANG_ENABLE_MODULES = YES;
				CLANG_ENABLE_OBJC_ARC = YES;
				CLANG_ENABLE_OBJC_WEAK = YES;
				CLANG_WARN_BLOCK_CAPTURE_AUTORELEASING = YES;
				CLANG_WARN_BOOL_CONVERSION = YES;
				CLANG_WARN_COMMA = YES;
				CLANG_WARN_CONSTANT_CONVERSION = YES;
				CLANG_WARN_DEPRECATED_OBJC_IMPLEMENTATIONS = YES;
				CLANG_WARN_DIRECT_OBJC_ISA_USAGE = YES_ERROR;
				CLANG_WARN_DOCUMENTATION_COMMENTS = YES;
				CLANG_WARN_EMPTY_BODY = YES;
				CLANG_WARN_ENUM_CONVERSION = YES;
				CLANG_WARN_INFINITE_RECURSION = YES;
				CLANG_WARN_INT_CONVERSION = YES;
				CLANG_WARN_NON_LITERAL_NULL_CONVERSION = YES;
				CLANG_WARN_OBJC_IMPLICIT_RETAIN_SELF = YES;
				CLANG_WARN_OBJC_LITERAL_CONVERSION = YES;
				CLANG_WARN_OBJC_ROOT_CLASS = YES_ERROR;
				CLANG_WARN_RANGE_LOOP_ANALYSIS = YES;
				CLANG_WARN_STRICT_PROTOTYPES = YES;
				CLANG_WARN_SUSPICIOUS_MOVE = YES;
				CLANG_WARN_UNGUARDED_AVAILABILITY = YES_AGGRESSIVE;
				CLANG_WARN_UNREACHABLE_CODE = YES;
				CLANG_WARN__DUPLICATE_METHOD_MATCH = YES;
				COPY_PHASE_STRIP = NO;
				DEBUG_INFORMATION_FORMAT = dwarf;
				ENABLE_STRICT_OBJC_MSGSEND = YES;
				ENABLE_TESTABILITY = YES;
				GCC_C_LANGUAGE_STANDARD = gnu11;
				GCC_DYNAMIC_NO_PIC = NO;
				GCC_NO_COMMON_BLOCKS = YES;
				GCC_OPTIMIZATION_LEVEL = 0;
				GCC_PREPROCESSOR_DEFINITIONS = (
					"DEBUG=1",
					"$(inherited)",
				);
				GCC_WARN_64_TO_32_BIT_CONVERSION = YES;
				GCC_WARN_ABOUT_RETURN_TYPE = YES_ERROR;
				GCC_WARN_UNDECLARED_SELECTOR = YES;
				GCC_WARN_UNINITIALIZED_AUTOS = YES_AGGRESSIVE;
				GCC_WARN_UNUSED_FUNCTION = YES;
				GCC_WARN_UNUSED_VARIABLE = YES;
				IPHONEOS_DEPLOYMENT_TARGET = 13.1;
				MTL_ENABLE_DEBUG_INFO = INCLUDE_SOURCE;
				MTL_FAST_MATH = YES;
				ONLY_ACTIVE_ARCH = YES;
				SDKROOT = iphoneos;
				SWIFT_ACTIVE_COMPILATION_CONDITIONS = DEBUG;
				SWIFT_OPTIMIZATION_LEVEL = "-Onone";
			};
			name = Debug;
		};
		6544076A23A4CB1500200DFC /* Release */ = {
			isa = XCBuildConfiguration;
			buildSettings = {
				ALWAYS_SEARCH_USER_PATHS = NO;
				CLANG_ANALYZER_NONNULL = YES;
				CLANG_ANALYZER_NUMBER_OBJECT_CONVERSION = YES_AGGRESSIVE;
				CLANG_CXX_LANGUAGE_STANDARD = "gnu++14";
				CLANG_CXX_LIBRARY = "libc++";
				CLANG_ENABLE_MODULES = YES;
				CLANG_ENABLE_OBJC_ARC = YES;
				CLANG_ENABLE_OBJC_WEAK = YES;
				CLANG_WARN_BLOCK_CAPTURE_AUTORELEASING = YES;
				CLANG_WARN_BOOL_CONVERSION = YES;
				CLANG_WARN_COMMA = YES;
				CLANG_WARN_CONSTANT_CONVERSION = YES;
				CLANG_WARN_DEPRECATED_OBJC_IMPLEMENTATIONS = YES;
				CLANG_WARN_DIRECT_OBJC_ISA_USAGE = YES_ERROR;
				CLANG_WARN_DOCUMENTATION_COMMENTS = YES;
				CLANG_WARN_EMPTY_BODY = YES;
				CLANG_WARN_ENUM_CONVERSION = YES;
				CLANG_WARN_INFINITE_RECURSION = YES;
				CLANG_WARN_INT_CONVERSION = YES;
				CLANG_WARN_NON_LITERAL_NULL_CONVERSION = YES;
				CLANG_WARN_OBJC_IMPLICIT_RETAIN_SELF = YES;
				CLANG_WARN_OBJC_LITERAL_CONVERSION = YES;
				CLANG_WARN_OBJC_ROOT_CLASS = YES_ERROR;
				CLANG_WARN_RANGE_LOOP_ANALYSIS = YES;
				CLANG_WARN_STRICT_PROTOTYPES = YES;
				CLANG_WARN_SUSPICIOUS_MOVE = YES;
				CLANG_WARN_UNGUARDED_AVAILABILITY = YES_AGGRESSIVE;
				CLANG_WARN_UNREACHABLE_CODE = YES;
				CLANG_WARN__DUPLICATE_METHOD_MATCH = YES;
				COPY_PHASE_STRIP = NO;
				DEBUG_INFORMATION_FORMAT = "dwarf-with-dsym";
				ENABLE_NS_ASSERTIONS = NO;
				ENABLE_STRICT_OBJC_MSGSEND = YES;
				GCC_C_LANGUAGE_STANDARD = gnu11;
				GCC_NO_COMMON_BLOCKS = YES;
				GCC_WARN_64_TO_32_BIT_CONVERSION = YES;
				GCC_WARN_ABOUT_RETURN_TYPE = YES_ERROR;
				GCC_WARN_UNDECLARED_SELECTOR = YES;
				GCC_WARN_UNINITIALIZED_AUTOS = YES_AGGRESSIVE;
				GCC_WARN_UNUSED_FUNCTION = YES;
				GCC_WARN_UNUSED_VARIABLE = YES;
				IPHONEOS_DEPLOYMENT_TARGET = 13.1;
				MTL_ENABLE_DEBUG_INFO = NO;
				MTL_FAST_MATH = YES;
				SDKROOT = iphoneos;
				SWIFT_COMPILATION_MODE = wholemodule;
				SWIFT_OPTIMIZATION_LEVEL = "-O";
				VALIDATE_PRODUCT = YES;
			};
			name = Release;
		};
		6544076C23A4CB1500200DFC /* Debug */ = {
			isa = XCBuildConfiguration;
			baseConfigurationReference = B7CBFD3EB661EA4B15D65727 /* Pods-helloFirebaseFB.debug.xcconfig */;
			buildSettings = {
				ASSETCATALOG_COMPILER_APPICON_NAME = AppIcon;
				CODE_SIGN_STYLE = Automatic;
				DEVELOPMENT_TEAM = QGUDE94G9E;
				INFOPLIST_FILE = helloFirebaseFB/Info.plist;
				LD_RUNPATH_SEARCH_PATHS = (
					"$(inherited)",
					"@executable_path/Frameworks",
				);
				OTHER_LDFLAGS = (
					"$(inherited)",
					"-l\"z\"",
					"-framework",
					"\"FBSDKCoreKit\"",
					"-framework",
					"\"FBSDKLoginKit\"",
					"-weak_framework",
					"\"Accelerate\"",
					"-weak_framework",
					"\"Accounts\"",
					"-weak_framework",
					"\"AudioToolbox\"",
					"-weak_framework",
					"\"CoreGraphics\"",
					"-weak_framework",
					"\"CoreLocation\"",
					"-weak_framework",
					"\"Foundation\"",
					"-weak_framework",
					"\"QuartzCore\"",
					"-weak_framework",
					"\"Security\"",
					"-weak_framework",
					"\"Social\"",
					"-weak_framework",
					"\"UIKit\"",
					"-ObjC",
				);
				PRODUCT_BUNDLE_IDENTIFIER = myyhhuang.com.helloFirebaseFB;
				PRODUCT_NAME = "$(TARGET_NAME)";
				SWIFT_VERSION = 5.0;
				TARGETED_DEVICE_FAMILY = "1,2";
			};
			name = Debug;
		};
		6544076D23A4CB1500200DFC /* Release */ = {
			isa = XCBuildConfiguration;
			baseConfigurationReference = 0A264AEA03F3FB43ADC63FFC /* Pods-helloFirebaseFB.release.xcconfig */;
			buildSettings = {
				ASSETCATALOG_COMPILER_APPICON_NAME = AppIcon;
				CODE_SIGN_STYLE = Automatic;
				DEVELOPMENT_TEAM = QGUDE94G9E;
				INFOPLIST_FILE = helloFirebaseFB/Info.plist;
				LD_RUNPATH_SEARCH_PATHS = (
					"$(inherited)",
					"@executable_path/Frameworks",
				);
				OTHER_LDFLAGS = (
					"$(inherited)",
					"-l\"z\"",
					"-framework",
					"\"FBSDKCoreKit\"",
					"-framework",
					"\"FBSDKLoginKit\"",
					"-weak_framework",
					"\"Accelerate\"",
					"-weak_framework",
					"\"Accounts\"",
					"-weak_framework",
					"\"AudioToolbox\"",
					"-weak_framework",
					"\"CoreGraphics\"",
					"-weak_framework",
					"\"CoreLocation\"",
					"-weak_framework",
					"\"Foundation\"",
					"-weak_framework",
					"\"QuartzCore\"",
					"-weak_framework",
					"\"Security\"",
					"-weak_framework",
					"\"Social\"",
					"-weak_framework",
					"\"UIKit\"",
					"-ObjC",
				);
				PRODUCT_BUNDLE_IDENTIFIER = myyhhuang.com.helloFirebaseFB;
				PRODUCT_NAME = "$(TARGET_NAME)";
				SWIFT_VERSION = 5.0;
				TARGETED_DEVICE_FAMILY = "1,2";
			};
			name = Release;
		};
/* End XCBuildConfiguration section */

/* Begin XCConfigurationList section */
		6544075223A4CB1300200DFC /* Build configuration list for PBXProject "helloFirebaseFB" */ = {
			isa = XCConfigurationList;
			buildConfigurations = (
				6544076923A4CB1500200DFC /* Debug */,
				6544076A23A4CB1500200DFC /* Release */,
			);
			defaultConfigurationIsVisible = 0;
			defaultConfigurationName = Release;
		};
		6544076B23A4CB1500200DFC /* Build configuration list for PBXNativeTarget "helloFirebaseFB" */ = {
			isa = XCConfigurationList;
			buildConfigurations = (
				6544076C23A4CB1500200DFC /* Debug */,
				6544076D23A4CB1500200DFC /* Release */,
			);
			defaultConfigurationIsVisible = 0;
			defaultConfigurationName = Release;
		};
/* End XCConfigurationList section */
	};
	rootObject = 6544074F23A4CB1300200DFC /* Project object */;
}
